<?xml version="1.0" encoding="utf-8"?>
<Project ToolsVersion="4.0" xmlns="http://schemas.microsoft.com/developer/msbuild/2003">
  <ItemGroup>
    <Filter Include="Source Files">
      <UniqueIdentifier>{4FC737F1-C7A5-4376-A066-2A32D752A2FF}</UniqueIdentifier>
      <Extensions>cpp;c;cc;cxx;def;odl;idl;hpj;bat;asm;asmx</Extensions>
    </Filter>
    <Filter Include="Header Files">
      <UniqueIdentifier>{93995380-89BD-4b04-88EB-625FBE52EBFB}</UniqueIdentifier>
      <Extensions>h;hpp;hxx;hm;inl;inc;xsd</Extensions>
    </Filter>
    <Filter Include="Resource Files">
      <UniqueIdentifier>{67DA6AB6-F800-4c08-8B7A-83BB121AAD01}</UniqueIdentifier>
      <Extensions>rc;ico;cur;bmp;dlg;rc2;rct;bin;rgs;gif;jpg;jpeg;jpe;resx;tiff;tif;png;wav;mfcribbon-ms</Extensions>
    </Filter>
    <Filter Include="Source Files\Dependencies">
      <UniqueIdentifier>{9512705d-a3fe-42f6-b6a5-9e0125d43196}</UniqueIdentifier>
    </Filter>
  </ItemGroup>
  <ItemGroup>
    <ClCompile Include="..\lib\ChunkBuffer.cpp">
      <Filter>Source Files</Filter>
    </ClCompile>
    <ClCompile Include="..\lib\DecStream.cpp">
      <Filter>Source Files</Filter>
    </ClCompile>
    <ClCompile Include="..\lib\FileReader.cpp">
      <Filter>Source Files</Filter>
    </ClCompile>
    <ClCompile Include="..\lib\GnssReader.cpp">
      <Filter>Source Files</Filter>
    </ClCompile>
    <ClCompile Include="..\lib\IBuffer.cpp">
      <Filter>Source Files</Filter>
    </ClCompile>
    <ClCompile Include="..\lib\StreamAnalytics.cpp">
      <Filter>Source Files</Filter>
    </ClCompile>
    <ClCompile Include="..\lib\Test.cpp">
      <Filter>Source Files</Filter>
    </ClCompile>
    <ClCompile Include="..\lib\XMLtoMeta.cpp">
      <Filter>Source Files</Filter>
    </ClCompile>
    <ClCompile Include="..\..\GnssMetadata\lib\GnssMetadata\Xml\AnyUriTranslator.cpp">
      <Filter>Source Files\Dependencies</Filter>
    </ClCompile>
    <ClCompile Include="..\..\GnssMetadata\lib\GnssMetadata\Xml\BandTranslator.cpp">
      <Filter>Source Files\Dependencies</Filter>
    </ClCompile>
    <ClCompile Include="..\..\GnssMetadata\lib\GnssMetadata\Xml\BlockTranslator.cpp">
      <Filter>Source Files\Dependencies</Filter>
    </ClCompile>
    <ClCompile Include="..\..\GnssMetadata\lib\GnssMetadata\Xml\ChunkTranslator.cpp">
      <Filter>Source Files\Dependencies</Filter>
    </ClCompile>
    <ClCompile Include="..\..\GnssMetadata\lib\GnssMetadata\Xml\ClusterTranslator.cpp">
      <Filter>Source Files\Dependencies</Filter>
    </ClCompile>
    <ClCompile Include="..\..\GnssMetadata\lib\GnssMetadata\Xml\DurationTranslator.cpp">
      <Filter>Source Files\Dependencies</Filter>
    </ClCompile>
    <ClCompile Include="..\..\GnssMetadata\lib\GnssMetadata\Xml\FileSetTranslator.cpp">
      <Filter>Source Files\Dependencies</Filter>
    </ClCompile>
    <ClCompile Include="..\..\GnssMetadata\lib\GnssMetadata\Xml\FileTranslator.cpp">
      <Filter>Source Files\Dependencies</Filter>
    </ClCompile>
    <ClCompile Include="..\..\GnssMetadata\lib\GnssMetadata\Xml\FrequencyTranslator.cpp">
      <Filter>Source Files\Dependencies</Filter>
    </ClCompile>
    <ClCompile Include="..\..\GnssMetadata\lib\GnssMetadata\Xml\LaneTranslator.cpp">
      <Filter>Source Files\Dependencies</Filter>
    </ClCompile>
    <ClCompile Include="..\..\GnssMetadata\lib\GnssMetadata\Xml\LumpTranslator.cpp">
      <Filter>Source Files\Dependencies</Filter>
    </ClCompile>
    <ClCompile Include="..\..\GnssMetadata\lib\GnssMetadata\Xml\MetadataTranslator.cpp">
      <Filter>Source Files\Dependencies</Filter>
    </ClCompile>
    <ClCompile Include="..\..\GnssMetadata\lib\GnssMetadata\Xml\OscillatorTranslator.cpp">
      <Filter>Source Files\Dependencies</Filter>
    </ClCompile>
    <ClCompile Include="..\..\GnssMetadata\lib\GnssMetadata\Xml\PositionTranslator.cpp">
      <Filter>Source Files\Dependencies</Filter>
    </ClCompile>
    <ClCompile Include="..\..\GnssMetadata\lib\GnssMetadata\Xml\RfConfigTranslator.cpp">
      <Filter>Source Files\Dependencies</Filter>
    </ClCompile>
    <ClCompile Include="..\..\GnssMetadata\lib\GnssMetadata\Xml\SessionTranslator.cpp">
      <Filter>Source Files\Dependencies</Filter>
    </ClCompile>
    <ClCompile Include="..\..\GnssMetadata\lib\GnssMetadata\Xml\SourceTranslator.cpp">
      <Filter>Source Files\Dependencies</Filter>
    </ClCompile>
    <ClCompile Include="..\..\GnssMetadata\lib\GnssMetadata\Xml\StreamTranslator.cpp">
      <Filter>Source Files\Dependencies</Filter>
    </ClCompile>
    <ClCompile Include="..\..\GnssMetadata\lib\GnssMetadata\Xml\SystemTranslator.cpp">
      <Filter>Source Files\Dependencies</Filter>
    </ClCompile>
    <ClCompile Include="..\..\GnssMetadata\lib\GnssMetadata\Xml\Translator.cpp">
      <Filter>Source Files\Dependencies</Filter>
    </ClCompile>
    <ClCompile Include="..\..\GnssMetadata\lib\GnssMetadata\Xml\XmlProcessor.cpp">
      <Filter>Source Files\Dependencies</Filter>
    </ClCompile>
    <ClCompile Include="..\..\GnssMetadata\lib\GnssMetadata\AnyUri.cpp">
      <Filter>Source Files\Dependencies</Filter>
    </ClCompile>
    <ClCompile Include="..\..\GnssMetadata\lib\GnssMetadata\AttributedObject.cpp">
      <Filter>Source Files\Dependencies</Filter>
    </ClCompile>
    <ClCompile Include="..\..\GnssMetadata\lib\GnssMetadata\Band.cpp">
      <Filter>Source Files\Dependencies</Filter>
    </ClCompile>
    <ClCompile Include="..\..\GnssMetadata\lib\GnssMetadata\BaseTypes.cpp">
      <Filter>Source Files\Dependencies</Filter>
    </ClCompile>
    <ClCompile Include="..\..\GnssMetadata\lib\GnssMetadata\Block.cpp">
      <Filter>Source Files\Dependencies</Filter>
    </ClCompile>
    <ClCompile Include="..\..\GnssMetadata\lib\GnssMetadata\Chunk.cpp">
      <Filter>Source Files\Dependencies</Filter>
    </ClCompile>
    <ClCompile Include="..\..\GnssMetadata\lib\GnssMetadata\Cluster.cpp">
      <Filter>Source Files\Dependencies</Filter>
    </ClCompile>
    <ClCompile Include="..\..\GnssMetadata\lib\GnssMetadata\Comment.cpp">
      <Filter>Source Files\Dependencies</Filter>
    </ClCompile>
    <ClCompile Include="..\..\GnssMetadata\lib\GnssMetadata\Date.cpp">
      <Filter>Source Files\Dependencies</Filter>
    </ClCompile>
    <ClCompile Include="..\..\GnssMetadata\lib\GnssMetadata\Duration.cpp">
      <Filter>Source Files\Dependencies</Filter>
    </ClCompile>
    <ClCompile Include="..\..\GnssMetadata\lib\GnssMetadata\File.cpp">
      <Filter>Source Files\Dependencies</Filter>
    </ClCompile>
    <ClCompile Include="..\..\GnssMetadata\lib\GnssMetadata\Frequency.cpp">
      <Filter>Source Files\Dependencies</Filter>
    </ClCompile>
    <ClCompile Include="..\..\GnssMetadata\lib\GnssMetadata\Lane.cpp">
      <Filter>Source Files\Dependencies</Filter>
    </ClCompile>
    <ClCompile Include="..\..\GnssMetadata\lib\GnssMetadata\Lump.cpp">
      <Filter>Source Files\Dependencies</Filter>
    </ClCompile>
    <ClCompile Include="..\..\GnssMetadata\lib\GnssMetadata\Metadata.cpp">
      <Filter>Source Files\Dependencies</Filter>
    </ClCompile>
    <ClCompile Include="..\..\GnssMetadata\lib\GnssMetadata\Position.cpp">
      <Filter>Source Files\Dependencies</Filter>
    </ClCompile>
    <ClCompile Include="..\..\GnssMetadata\lib\GnssMetadata\Session.cpp">
      <Filter>Source Files\Dependencies</Filter>
    </ClCompile>
    <ClCompile Include="..\..\GnssMetadata\lib\GnssMetadata\Source.cpp">
      <Filter>Source Files\Dependencies</Filter>
    </ClCompile>
    <ClCompile Include="..\..\GnssMetadata\lib\GnssMetadata\Stream.cpp">
      <Filter>Source Files\Dependencies</Filter>
    </ClCompile>
    <ClCompile Include="..\..\GnssMetadata\lib\GnssMetadata\System.cpp">
      <Filter>Source Files\Dependencies</Filter>
    </ClCompile>
    <ClCompile Include="..\..\GnssMetadata\lib\tinyxml2\tinyxml2.cpp">
      <Filter>Source Files\Dependencies</Filter>
    </ClCompile>
  </ItemGroup>
  <ItemGroup>
    <ClInclude Include="..\include\DecStream.h">
      <Filter>Header Files</Filter>
    </ClInclude>
    <ClInclude Include="..\include\FileReader.h">
      <Filter>Header Files</Filter>
    </ClInclude>
    <ClInclude Include="..\include\GnssReader.h">
      <Filter>Header Files</Filter>
    </ClInclude>
    <ClInclude Include="..\include\IBuffer.h">
      <Filter>Header Files</Filter>
    </ClInclude>
    <ClInclude Include="..\include\StreamAnalytics.h">
      <Filter>Header Files</Filter>
    </ClInclude>
    <ClInclude Include="..\include\XMLtoMeta.h">
      <Filter>Header Files</Filter>
    </ClInclude>
    <ClInclude Include="..\include\ChunkBuffer.h">
      <Filter>Header Files</Filter>
    </ClInclude>
    <ClInclude Include="..\..\GnssMetadata\lib\GnssMetadata\Xml\AnyUriTranslator.h">
      <Filter>Source Files\Dependencies</Filter>
    </ClInclude>
    <ClInclude Include="..\..\GnssMetadata\lib\GnssMetadata\Xml\BandTranslator.h">
      <Filter>Source Files\Dependencies</Filter>
    </ClInclude>
    <ClInclude Include="..\..\GnssMetadata\lib\GnssMetadata\Xml\BlockTranslator.h">
      <Filter>Source Files\Dependencies</Filter>
    </ClInclude>
    <ClInclude Include="..\..\GnssMetadata\lib\GnssMetadata\Xml\ChunkTranslator.h">
      <Filter>Source Files\Dependencies</Filter>
    </ClInclude>
    <ClInclude Include="..\..\GnssMetadata\lib\GnssMetadata\Xml\ClusterTranslator.h">
      <Filter>Source Files\Dependencies</Filter>
    </ClInclude>
    <ClInclude Include="..\..\GnssMetadata\lib\GnssMetadata\Xml\DurationTranslator.h">
      <Filter>Source Files\Dependencies</Filter>
    </ClInclude>
    <ClInclude Include="..\..\GnssMetadata\lib\GnssMetadata\Xml\FileSetTranslator.h">
      <Filter>Source Files\Dependencies</Filter>
    </ClInclude>
    <ClInclude Include="..\..\GnssMetadata\lib\GnssMetadata\Xml\FileTranslator.h">
      <Filter>Source Files\Dependencies</Filter>
    </ClInclude>
    <ClInclude Include="..\..\GnssMetadata\lib\GnssMetadata\Xml\FrequencyTranslator.h">
      <Filter>Source Files\Dependencies</Filter>
    </ClInclude>
    <ClInclude Include="..\..\GnssMetadata\lib\GnssMetadata\Xml\LaneTranslator.h">
      <Filter>Source Files\Dependencies</Filter>
    </ClInclude>
    <ClInclude Include="..\..\GnssMetadata\lib\GnssMetadata\Xml\LumpTranslator.h">
      <Filter>Source Files\Dependencies</Filter>
    </ClInclude>
    <ClInclude Include="..\..\GnssMetadata\lib\GnssMetadata\Xml\MetadataTranslator.h">
      <Filter>Source Files\Dependencies</Filter>
    </ClInclude>
    <ClInclude Include="..\..\GnssMetadata\lib\GnssMetadata\Xml\OscillatorTranslator.h">
      <Filter>Source Files\Dependencies</Filter>
    </ClInclude>
    <ClInclude Include="..\..\GnssMetadata\lib\GnssMetadata\Xml\PositionTranslator.h">
      <Filter>Source Files\Dependencies</Filter>
    </ClInclude>
    <ClInclude Include="..\..\GnssMetadata\lib\GnssMetadata\Xml\RfConfigTranslator.h">
      <Filter>Source Files\Dependencies</Filter>
    </ClInclude>
    <ClInclude Include="..\..\GnssMetadata\lib\GnssMetadata\Xml\SessionTranslator.h">
      <Filter>Source Files\Dependencies</Filter>
    </ClInclude>
    <ClInclude Include="..\..\GnssMetadata\lib\GnssMetadata\Xml\SourceTranslator.h">
      <Filter>Source Files\Dependencies</Filter>
    </ClInclude>
    <ClInclude Include="..\..\GnssMetadata\lib\GnssMetadata\Xml\StreamTranslator.h">
      <Filter>Source Files\Dependencies</Filter>
    </ClInclude>
    <ClInclude Include="..\..\GnssMetadata\lib\GnssMetadata\Xml\SystemTranslator.h">
      <Filter>Source Files\Dependencies</Filter>
    </ClInclude>
    <ClInclude Include="..\..\GnssMetadata\lib\GnssMetadata\Xml\XmlDefs.h">
      <Filter>Source Files\Dependencies</Filter>
    </ClInclude>
  </ItemGroup>
</Project>