
Microsoft Visual Studio Solution File, Format Version 11.00
# Visual Studio 2010
Project("{8BC9CEB8-8B4A-11D0-8D11-00A0C91BC942}") = "StandardConverter", "StandardConverter\StandardConverter.vcxproj", "{23F09D45-DC94-44DF-9AE2-BD0C9C59A9DB}"
EndProject
Global
	GlobalSection(SolutionConfigurationPlatforms) = preSolution
		Debug|Win32 = Debug|Win32
		Release|Win32 = Release|Win32
	EndGlobalSection
	GlobalSection(ProjectConfigurationPlatforms) = postSolution
		{23F09D45-DC94-44DF-9AE2-BD0C9C59A9DB}.Debug|Win32.ActiveCfg = Debug|Win32
		{23F09D45-DC94-44DF-9AE2-BD0C9C59A9DB}.Debug|Win32.Build.0 = Debug|Win32
		{23F09D45-DC94-44DF-9AE2-BD0C9C59A9DB}.Release|Win32.ActiveCfg = Release|Win32
		{23F09D45-DC94-44DF-9AE2-BD0C9C59A9DB}.Release|Win32.Build.0 = Release|Win32
	EndGlobalSection
	GlobalSection(SolutionProperties) = preSolution
		HideSolutionNode = FALSE
	EndGlobalSection
EndGlobal
